
Microsoft Visual Studio Solution File, Format Version 12.00
# Visual Studio Version 16
VisualStudioVersion = 16.0.31005.135
MinimumVisualStudioVersion = 10.0.40219.1
Project("{9A19103F-16F7-4668-BE54-9A1E7A4F7556}") = "TestProg-1", "TestProg-1\TestProg-1.csproj", "{FF31D561-430B-41D8-838C-7E201FAD42BB}"
EndProject
Project("{FAE04EC0-301F-11D3-BF4B-00C04F79EFBC}") = "GreetingsLib", "GreetingsLib\GreetingsLib.csproj", "{587D9398-066B-42E8-AC7C-DE90999B0ACC}"
EndProject
Global
	GlobalSection(SolutionConfigurationPlatforms) = preSolution
		Debug|Any CPU = Debug|Any CPU
		Release|Any CPU = Release|Any CPU
	EndGlobalSection
	GlobalSection(ProjectConfigurationPlatforms) = postSolution
		{FF31D561-430B-41D8-838C-7E201FAD42BB}.Debug|Any CPU.ActiveCfg = Debug|Any CPU
		{FF31D561-430B-41D8-838C-7E201FAD42BB}.Debug|Any CPU.Build.0 = Debug|Any CPU
		{FF31D561-430B-41D8-838C-7E201FAD42BB}.Release|Any CPU.ActiveCfg = Release|Any CPU
		{FF31D561-430B-41D8-838C-7E201FAD42BB}.Release|Any CPU.Build.0 = Release|Any CPU
		{587D9398-066B-42E8-AC7C-DE90999B0ACC}.Debug|Any CPU.ActiveCfg = Debug|Any CPU
		{587D9398-066B-42E8-AC7C-DE90999B0ACC}.Debug|Any CPU.Build.0 = Debug|Any CPU
		{587D9398-066B-42E8-AC7C-DE90999B0ACC}.Release|Any CPU.ActiveCfg = Release|Any CPU
		{587D9398-066B-42E8-AC7C-DE90999B0ACC}.Release|Any CPU.Build.0 = Release|Any CPU
	EndGlobalSection
	GlobalSection(SolutionProperties) = preSolution
		HideSolutionNode = FALSE
	EndGlobalSection
	GlobalSection(ExtensibilityGlobals) = postSolution
		SolutionGuid = {E9E95CCD-1CC6-4C94-B93D-891C50E49EC9}
	EndGlobalSection
EndGlobal
